
Microsoft Visual Studio Solution File, Format Version 11.00
# Visual Studio 2010
Project("{FAE04EC0-301F-11D3-BF4B-00C04F79EFBC}") = "CardGameFramework", "CardGameFramework.csproj", "{8210C7FC-0164-4A3E-B041-DBFF8134E0AD}"
EndProject
Project("{FAE04EC0-301F-11D3-BF4B-00C04F79EFBC}") = "TestCardGameFramework", "TestCardGameFramework\TestCardGameFramework.csproj", "{2740178A-2563-43F5-B5B6-688A4596A36D}"
EndProject
Project("{2150E333-8FDC-42A3-9474-1A3956D46DE8}") = "Solution Items", "Solution Items", "{02353393-993E-425B-8899-C17291615936}"
	ProjectSection(SolutionItems) = preProject
		CardGameFramework.vsmdi = CardGameFramework.vsmdi
		Local.testsettings = Local.testsettings
		TraceAndTestImpact.testsettings = TraceAndTestImpact.testsettings
	EndProjectSection
EndProject
Project("{FAE04EC0-301F-11D3-BF4B-00C04F79EFBC}") = "CardWritter", "CardWritter\CardWritter.csproj", "{F7038F60-FDA6-4A58-9795-D93A773877CC}"
EndProject
Global
	GlobalSection(TestCaseManagementSettings) = postSolution
		CategoryFile = CardGameFramework.vsmdi
	EndGlobalSection
	GlobalSection(SolutionConfigurationPlatforms) = preSolution
		Debug|Any CPU = Debug|Any CPU
		Debug|Mixed Platforms = Debug|Mixed Platforms
		Debug|x86 = Debug|x86
		Release|Any CPU = Release|Any CPU
		Release|Mixed Platforms = Release|Mixed Platforms
		Release|x86 = Release|x86
	EndGlobalSection
	GlobalSection(ProjectConfigurationPlatforms) = postSolution
		{8210C7FC-0164-4A3E-B041-DBFF8134E0AD}.Debug|Any CPU.ActiveCfg = Debug|Any CPU
		{8210C7FC-0164-4A3E-B041-DBFF8134E0AD}.Debug|Any CPU.Build.0 = Debug|Any CPU
		{8210C7FC-0164-4A3E-B041-DBFF8134E0AD}.Debug|Mixed Platforms.ActiveCfg = Debug|Any CPU
		{8210C7FC-0164-4A3E-B041-DBFF8134E0AD}.Debug|Mixed Platforms.Build.0 = Debug|Any CPU
		{8210C7FC-0164-4A3E-B041-DBFF8134E0AD}.Debug|x86.ActiveCfg = Debug|Any CPU
		{8210C7FC-0164-4A3E-B041-DBFF8134E0AD}.Release|Any CPU.ActiveCfg = Release|Any CPU
		{8210C7FC-0164-4A3E-B041-DBFF8134E0AD}.Release|Any CPU.Build.0 = Release|Any CPU
		{8210C7FC-0164-4A3E-B041-DBFF8134E0AD}.Release|Mixed Platforms.ActiveCfg = Release|Any CPU
		{8210C7FC-0164-4A3E-B041-DBFF8134E0AD}.Release|Mixed Platforms.Build.0 = Release|Any CPU
		{8210C7FC-0164-4A3E-B041-DBFF8134E0AD}.Release|x86.ActiveCfg = Release|Any CPU
		{2740178A-2563-43F5-B5B6-688A4596A36D}.Debug|Any CPU.ActiveCfg = Debug|Any CPU
		{2740178A-2563-43F5-B5B6-688A4596A36D}.Debug|Any CPU.Build.0 = Debug|Any CPU
		{2740178A-2563-43F5-B5B6-688A4596A36D}.Debug|Mixed Platforms.ActiveCfg = Debug|Any CPU
		{2740178A-2563-43F5-B5B6-688A4596A36D}.Debug|Mixed Platforms.Build.0 = Debug|Any CPU
		{2740178A-2563-43F5-B5B6-688A4596A36D}.Debug|x86.ActiveCfg = Debug|Any CPU
		{2740178A-2563-43F5-B5B6-688A4596A36D}.Release|Any CPU.ActiveCfg = Release|Any CPU
		{2740178A-2563-43F5-B5B6-688A4596A36D}.Release|Any CPU.Build.0 = Release|Any CPU
		{2740178A-2563-43F5-B5B6-688A4596A36D}.Release|Mixed Platforms.ActiveCfg = Release|Any CPU
		{2740178A-2563-43F5-B5B6-688A4596A36D}.Release|Mixed Platforms.Build.0 = Release|Any CPU
		{2740178A-2563-43F5-B5B6-688A4596A36D}.Release|x86.ActiveCfg = Release|Any CPU
		{F7038F60-FDA6-4A58-9795-D93A773877CC}.Debug|Any CPU.ActiveCfg = Debug|x86
		{F7038F60-FDA6-4A58-9795-D93A773877CC}.Debug|Mixed Platforms.ActiveCfg = Debug|x86
		{F7038F60-FDA6-4A58-9795-D93A773877CC}.Debug|Mixed Platforms.Build.0 = Debug|x86
		{F7038F60-FDA6-4A58-9795-D93A773877CC}.Debug|x86.ActiveCfg = Debug|x86
		{F7038F60-FDA6-4A58-9795-D93A773877CC}.Debug|x86.Build.0 = Debug|x86
		{F7038F60-FDA6-4A58-9795-D93A773877CC}.Release|Any CPU.ActiveCfg = Release|x86
		{F7038F60-FDA6-4A58-9795-D93A773877CC}.Release|Mixed Platforms.ActiveCfg = Release|x86
		{F7038F60-FDA6-4A58-9795-D93A773877CC}.Release|Mixed Platforms.Build.0 = Release|x86
		{F7038F60-FDA6-4A58-9795-D93A773877CC}.Release|x86.ActiveCfg = Release|x86
		{F7038F60-FDA6-4A58-9795-D93A773877CC}.Release|x86.Build.0 = Release|x86
	EndGlobalSection
	GlobalSection(SolutionProperties) = preSolution
		HideSolutionNode = FALSE
	EndGlobalSection
EndGlobal
